// !$*UTF8*$!
{
	archiveVersion = 1;
	classes = {
	};
	objectVersion = 46;
	objects = {

/* Begin PBXBuildFile section */
		B24052211A0B421900AFECE1 /* main.m in Sources */ = {isa = PBXBuildFile; fileRef = B24052201A0B421900AFECE1 /* main.m */; };
		B24052241A0B421900AFECE1 /* AppDelegate.m in Sources */ = {isa = PBXBuildFile; fileRef = B24052231A0B421900AFECE1 /* AppDelegate.m */; };
		B24052271A0B421900AFECE1 /* ViewController.m in Sources */ = {isa = PBXBuildFile; fileRef = B24052261A0B421900AFECE1 /* ViewController.m */; };
		B240522A1A0B421900AFECE1 /* Main.storyboard in Resources */ = {isa = PBXBuildFile; fileRef = B24052281A0B421900AFECE1 /* Main.storyboard */; };
		B240522C1A0B421900AFECE1 /* Images.xcassets in Resources */ = {isa = PBXBuildFile; fileRef = B240522B1A0B421900AFECE1 /* Images.xcassets */; };
		B240522F1A0B421900AFECE1 /* LaunchScreen.xib in Resources */ = {isa = PBXBuildFile; fileRef = B240522D1A0B421900AFECE1 /* LaunchScreen.xib */; };
		B240523B1A0B421900AFECE1 /* GrowthAnalyticsSampleTests.m in Sources */ = {isa = PBXBuildFile; fileRef = B240523A1A0B421900AFECE1 /* GrowthAnalyticsSampleTests.m */; };
		B24E5E7D1A0B42AC000DAFE2 /* GrowthAnalytics.framework in Frameworks */ = {isa = PBXBuildFile; fileRef = B24E5E7C1A0B42AC000DAFE2 /* GrowthAnalytics.framework */; };
		B24E5E7F1A0B42B6000DAFE2 /* GrowthbeatCore.framework in Frameworks */ = {isa = PBXBuildFile; fileRef = B24E5E7E1A0B42B6000DAFE2 /* GrowthbeatCore.framework */; };
/* End PBXBuildFile section */

/* Begin PBXContainerItemProxy section */
		B24052351A0B421900AFECE1 /* PBXContainerItemProxy */ = {
			isa = PBXContainerItemProxy;
			containerPortal = B24052131A0B421900AFECE1 /* Project object */;
			proxyType = 1;
			remoteGlobalIDString = B240521A1A0B421900AFECE1;
			remoteInfo = GrowthAnalyticsSample;
		};
/* End PBXContainerItemProxy section */

/* Begin PBXFileReference section */
		B240521B1A0B421900AFECE1 /* GrowthAnalyticsSample.app */ = {isa = PBXFileReference; explicitFileType = wrapper.application; includeInIndex = 0; path = GrowthAnalyticsSample.app; sourceTree = BUILT_PRODUCTS_DIR; };
		B240521F1A0B421900AFECE1 /* Info.plist */ = {isa = PBXFileReference; lastKnownFileType = text.plist.xml; path = Info.plist; sourceTree = "<group>"; };
		B24052201A0B421900AFECE1 /* main.m */ = {isa = PBXFileReference; lastKnownFileType = sourcecode.c.objc; path = main.m; sourceTree = "<group>"; };
		B24052221A0B421900AFECE1 /* AppDelegate.h */ = {isa = PBXFileReference; lastKnownFileType = sourcecode.c.h; path = AppDelegate.h; sourceTree = "<group>"; };
		B24052231A0B421900AFECE1 /* AppDelegate.m */ = {isa = PBXFileReference; lastKnownFileType = sourcecode.c.objc; path = AppDelegate.m; sourceTree = "<group>"; };
		B24052251A0B421900AFECE1 /* ViewController.h */ = {isa = PBXFileReference; lastKnownFileType = sourcecode.c.h; path = ViewController.h; sourceTree = "<group>"; };
		B24052261A0B421900AFECE1 /* ViewController.m */ = {isa = PBXFileReference; lastKnownFileType = sourcecode.c.objc; path = ViewController.m; sourceTree = "<group>"; };
		B24052291A0B421900AFECE1 /* Base */ = {isa = PBXFileReference; lastKnownFileType = file.storyboard; name = Base; path = Base.lproj/Main.storyboard; sourceTree = "<group>"; };
		B240522B1A0B421900AFECE1 /* Images.xcassets */ = {isa = PBXFileReference; lastKnownFileType = folder.assetcatalog; path = Images.xcassets; sourceTree = "<group>"; };
		B240522E1A0B421900AFECE1 /* Base */ = {isa = PBXFileReference; lastKnownFileType = file.xib; name = Base; path = Base.lproj/LaunchScreen.xib; sourceTree = "<group>"; };
		B24052341A0B421900AFECE1 /* GrowthAnalyticsSampleTests.xctest */ = {isa = PBXFileReference; explicitFileType = wrapper.cfbundle; includeInIndex = 0; path = GrowthAnalyticsSampleTests.xctest; sourceTree = BUILT_PRODUCTS_DIR; };
		B24052391A0B421900AFECE1 /* Info.plist */ = {isa = PBXFileReference; lastKnownFileType = text.plist.xml; path = Info.plist; sourceTree = "<group>"; };
		B240523A1A0B421900AFECE1 /* GrowthAnalyticsSampleTests.m */ = {isa = PBXFileReference; lastKnownFileType = sourcecode.c.objc; path = GrowthAnalyticsSampleTests.m; sourceTree = "<group>"; };
		B24E5E7C1A0B42AC000DAFE2 /* GrowthAnalytics.framework */ = {isa = PBXFileReference; lastKnownFileType = wrapper.framework; name = GrowthAnalytics.framework; path = ../GrowthAnalytics.framework; sourceTree = "<group>"; };
		B24E5E7E1A0B42B6000DAFE2 /* GrowthbeatCore.framework */ = {isa = PBXFileReference; lastKnownFileType = wrapper.framework; name = GrowthbeatCore.framework; path = "../submodules/growthbeat-core-ios/GrowthbeatCore.framework"; sourceTree = "<group>"; };
/* End PBXFileReference section */

/* Begin PBXFrameworksBuildPhase section */
		B24052181A0B421900AFECE1 /* Frameworks */ = {
			isa = PBXFrameworksBuildPhase;
			buildActionMask = 2147483647;
			files = (
				B24E5E7F1A0B42B6000DAFE2 /* GrowthbeatCore.framework in Frameworks */,
				B24E5E7D1A0B42AC000DAFE2 /* GrowthAnalytics.framework in Frameworks */,
			);
			runOnlyForDeploymentPostprocessing = 0;
		};
		B24052311A0B421900AFECE1 /* Frameworks */ = {
			isa = PBXFrameworksBuildPhase;
			buildActionMask = 2147483647;
			files = (
			);
			runOnlyForDeploymentPostprocessing = 0;
		};
/* End PBXFrameworksBuildPhase section */

/* Begin PBXGroup section */
		B24052121A0B421900AFECE1 = {
			isa = PBXGroup;
			children = (
				B240521D1A0B421900AFECE1 /* GrowthAnalyticsSample */,
				B24052371A0B421900AFECE1 /* GrowthAnalyticsSampleTests */,
				B24E5E7B1A0B429F000DAFE2 /* Framework */,
				B240521C1A0B421900AFECE1 /* Products */,
			);
			sourceTree = "<group>";
		};
		B240521C1A0B421900AFECE1 /* Products */ = {
			isa = PBXGroup;
			children = (
				B240521B1A0B421900AFECE1 /* GrowthAnalyticsSample.app */,
				B24052341A0B421900AFECE1 /* GrowthAnalyticsSampleTests.xctest */,
			);
			name = Products;
			sourceTree = "<group>";
		};
		B240521D1A0B421900AFECE1 /* GrowthAnalyticsSample */ = {
			isa = PBXGroup;
			children = (
				B24052221A0B421900AFECE1 /* AppDelegate.h */,
				B24052231A0B421900AFECE1 /* AppDelegate.m */,
				B24052251A0B421900AFECE1 /* ViewController.h */,
				B24052261A0B421900AFECE1 /* ViewController.m */,
				B24052281A0B421900AFECE1 /* Main.storyboard */,
				B240522B1A0B421900AFECE1 /* Images.xcassets */,
				B240522D1A0B421900AFECE1 /* LaunchScreen.xib */,
				B240521E1A0B421900AFECE1 /* Supporting Files */,
			);
			path = GrowthAnalyticsSample;
			sourceTree = "<group>";
		};
		B240521E1A0B421900AFECE1 /* Supporting Files */ = {
			isa = PBXGroup;
			children = (
				B240521F1A0B421900AFECE1 /* Info.plist */,
				B24052201A0B421900AFECE1 /* main.m */,
			);
			name = "Supporting Files";
			sourceTree = "<group>";
		};
		B24052371A0B421900AFECE1 /* GrowthAnalyticsSampleTests */ = {
			isa = PBXGroup;
			children = (
				B240523A1A0B421900AFECE1 /* GrowthAnalyticsSampleTests.m */,
				B24052381A0B421900AFECE1 /* Supporting Files */,
			);
			path = GrowthAnalyticsSampleTests;
			sourceTree = "<group>";
		};
		B24052381A0B421900AFECE1 /* Supporting Files */ = {
			isa = PBXGroup;
			children = (
				B24052391A0B421900AFECE1 /* Info.plist */,
			);
			name = "Supporting Files";
			sourceTree = "<group>";
		};
		B24E5E7B1A0B429F000DAFE2 /* Framework */ = {
			isa = PBXGroup;
			children = (
				B24E5E7C1A0B42AC000DAFE2 /* GrowthAnalytics.framework */,
				B24E5E7E1A0B42B6000DAFE2 /* GrowthbeatCore.framework */,
			);
			name = Framework;
			sourceTree = "<group>";
		};
/* End PBXGroup section */

/* Begin PBXNativeTarget section */
		B240521A1A0B421900AFECE1 /* GrowthAnalyticsSample */ = {
			isa = PBXNativeTarget;
			buildConfigurationList = B240523E1A0B421900AFECE1 /* Build configuration list for PBXNativeTarget "GrowthAnalyticsSample" */;
			buildPhases = (
				B24052171A0B421900AFECE1 /* Sources */,
				B24052181A0B421900AFECE1 /* Frameworks */,
				B24052191A0B421900AFECE1 /* Resources */,
			);
			buildRules = (
			);
			dependencies = (
			);
			name = GrowthAnalyticsSample;
			productName = GrowthAnalyticsSample;
			productReference = B240521B1A0B421900AFECE1 /* GrowthAnalyticsSample.app */;
			productType = "com.apple.product-type.application";
		};
		B24052331A0B421900AFECE1 /* GrowthAnalyticsSampleTests */ = {
			isa = PBXNativeTarget;
			buildConfigurationList = B24052411A0B421900AFECE1 /* Build configuration list for PBXNativeTarget "GrowthAnalyticsSampleTests" */;
			buildPhases = (
				B24052301A0B421900AFECE1 /* Sources */,
				B24052311A0B421900AFECE1 /* Frameworks */,
				B24052321A0B421900AFECE1 /* Resources */,
			);
			buildRules = (
			);
			dependencies = (
				B24052361A0B421900AFECE1 /* PBXTargetDependency */,
			);
			name = GrowthAnalyticsSampleTests;
			productName = GrowthAnalyticsSampleTests;
			productReference = B24052341A0B421900AFECE1 /* GrowthAnalyticsSampleTests.xctest */;
			productType = "com.apple.product-type.bundle.unit-test";
		};
/* End PBXNativeTarget section */

/* Begin PBXProject section */
		B24052131A0B421900AFECE1 /* Project object */ = {
			isa = PBXProject;
			attributes = {
				LastUpgradeCheck = 0610;
				ORGANIZATIONNAME = "SIROK, Inc.";
				TargetAttributes = {
					B240521A1A0B421900AFECE1 = {
						CreatedOnToolsVersion = 6.1;
					};
					B24052331A0B421900AFECE1 = {
						CreatedOnToolsVersion = 6.1;
						TestTargetID = B240521A1A0B421900AFECE1;
					};
				};
			};
			buildConfigurationList = B24052161A0B421900AFECE1 /* Build configuration list for PBXProject "GrowthAnalyticsSample" */;
			compatibilityVersion = "Xcode 3.2";
			developmentRegion = English;
			hasScannedForEncodings = 0;
			knownRegions = (
				en,
				Base,
			);
			mainGroup = B24052121A0B421900AFECE1;
			productRefGroup = B240521C1A0B421900AFECE1 /* Products */;
			projectDirPath = "";
			projectRoot = "";
			targets = (
				B240521A1A0B421900AFECE1 /* GrowthAnalyticsSample */,
				B24052331A0B421900AFECE1 /* GrowthAnalyticsSampleTests */,
			);
		};
/* End PBXProject section */

/* Begin PBXResourcesBuildPhase section */
		B24052191A0B421900AFECE1 /* Resources */ = {
			isa = PBXResourcesBuildPhase;
			buildActionMask = 2147483647;
			files = (
				B240522A1A0B421900AFECE1 /* Main.storyboard in Resources */,
				B240522F1A0B421900AFECE1 /* LaunchScreen.xib in Resources */,
				B240522C1A0B421900AFECE1 /* Images.xcassets in Resources */,
			);
			runOnlyForDeploymentPostprocessing = 0;
		};
		B24052321A0B421900AFECE1 /* Resources */ = {
			isa = PBXResourcesBuildPhase;
			buildActionMask = 2147483647;
			files = (
			);
			runOnlyForDeploymentPostprocessing = 0;
		};
/* End PBXResourcesBuildPhase section */

/* Begin PBXSourcesBuildPhase section */
		B24052171A0B421900AFECE1 /* Sources */ = {
			isa = PBXSourcesBuildPhase;
			buildActionMask = 2147483647;
			files = (
				B24052271A0B421900AFECE1 /* ViewController.m in Sources */,
				B24052241A0B421900AFECE1 /* AppDelegate.m in Sources */,
				B24052211A0B421900AFECE1 /* main.m in Sources */,
			);
			runOnlyForDeploymentPostprocessing = 0;
		};
		B24052301A0B421900AFECE1 /* Sources */ = {
			isa = PBXSourcesBuildPhase;
			buildActionMask = 2147483647;
			files = (
				B240523B1A0B421900AFECE1 /* GrowthAnalyticsSampleTests.m in Sources */,
			);
			runOnlyForDeploymentPostprocessing = 0;
		};
/* End PBXSourcesBuildPhase section */

/* Begin PBXTargetDependency section */
		B24052361A0B421900AFECE1 /* PBXTargetDependency */ = {
			isa = PBXTargetDependency;
			target = B240521A1A0B421900AFECE1 /* GrowthAnalyticsSample */;
			targetProxy = B24052351A0B421900AFECE1 /* PBXContainerItemProxy */;
		};
/* End PBXTargetDependency section */

/* Begin PBXVariantGroup section */
		B24052281A0B421900AFECE1 /* Main.storyboard */ = {
			isa = PBXVariantGroup;
			children = (
				B24052291A0B421900AFECE1 /* Base */,
			);
			name = Main.storyboard;
			sourceTree = "<group>";
		};
		B240522D1A0B421900AFECE1 /* LaunchScreen.xib */ = {
			isa = PBXVariantGroup;
			children = (
				B240522E1A0B421900AFECE1 /* Base */,
			);
			name = LaunchScreen.xib;
			sourceTree = "<group>";
		};
/* End PBXVariantGroup section */

/* Begin XCBuildConfiguration section */
		B240523C1A0B421900AFECE1 /* Debug */ = {
			isa = XCBuildConfiguration;
			buildSettings = {
				ALWAYS_SEARCH_USER_PATHS = NO;
				CLANG_CXX_LANGUAGE_STANDARD = "gnu++0x";
				CLANG_CXX_LIBRARY = "libc++";
				CLANG_ENABLE_MODULES = YES;
				CLANG_ENABLE_OBJC_ARC = YES;
				CLANG_WARN_BOOL_CONVERSION = YES;
				CLANG_WARN_CONSTANT_CONVERSION = YES;
				CLANG_WARN_DIRECT_OBJC_ISA_USAGE = YES_ERROR;
				CLANG_WARN_EMPTY_BODY = YES;
				CLANG_WARN_ENUM_CONVERSION = YES;
				CLANG_WARN_INT_CONVERSION = YES;
				CLANG_WARN_OBJC_ROOT_CLASS = YES_ERROR;
				CLANG_WARN_UNREACHABLE_CODE = YES;
				CLANG_WARN__DUPLICATE_METHOD_MATCH = YES;
				"CODE_SIGN_IDENTITY[sdk=iphoneos*]" = "iPhone Developer";
				COPY_PHASE_STRIP = NO;
				ENABLE_STRICT_OBJC_MSGSEND = YES;
				GCC_C_LANGUAGE_STANDARD = gnu99;
				GCC_DYNAMIC_NO_PIC = NO;
				GCC_OPTIMIZATION_LEVEL = 0;
				GCC_PREPROCESSOR_DEFINITIONS = (
					"DEBUG=1",
					"$(inherited)",
				);
				GCC_SYMBOLS_PRIVATE_EXTERN = NO;
				GCC_WARN_64_TO_32_BIT_CONVERSION = YES;
				GCC_WARN_ABOUT_RETURN_TYPE = YES_ERROR;
				GCC_WARN_UNDECLARED_SELECTOR = YES;
				GCC_WARN_UNINITIALIZED_AUTOS = YES_AGGRESSIVE;
				GCC_WARN_UNUSED_FUNCTION = YES;
				GCC_WARN_UNUSED_VARIABLE = YES;
				IPHONEOS_DEPLOYMENT_TARGET = 8.1;
				MTL_ENABLE_DEBUG_INFO = YES;
				ONLY_ACTIVE_ARCH = YES;
				SDKROOT = iphoneos;
			};
			name = Debug;
		};
		B240523D1A0B421900AFECE1 /* Release */ = {
			isa = XCBuildConfiguration;
			buildSettings = {
				ALWAYS_SEARCH_USER_PATHS = NO;
				CLANG_CXX_LANGUAGE_STANDARD = "gnu++0x";
				CLANG_CXX_LIBRARY = "libc++";
				CLANG_ENABLE_MODULES = YES;
				CLANG_ENABLE_OBJC_ARC = YES;
				CLANG_WARN_BOOL_CONVERSION = YES;
				CLANG_WARN_CONSTANT_CONVERSION = YES;
				CLANG_WARN_DIRECT_OBJC_ISA_USAGE = YES_ERROR;
				CLANG_WARN_EMPTY_BODY = YES;
				CLANG_WARN_ENUM_CONVERSION = YES;
				CLANG_WARN_INT_CONVERSION = YES;
				CLANG_WARN_OBJC_ROOT_CLASS = YES_ERROR;
				CLANG_WARN_UNREACHABLE_CODE = YES;
				CLANG_WARN__DUPLICATE_METHOD_MATCH = YES;
				"CODE_SIGN_IDENTITY[sdk=iphoneos*]" = "iPhone Developer";
				COPY_PHASE_STRIP = YES;
				ENABLE_NS_ASSERTIONS = NO;
				ENABLE_STRICT_OBJC_MSGSEND = YES;
				GCC_C_LANGUAGE_STANDARD = gnu99;
				GCC_WARN_64_TO_32_BIT_CONVERSION = YES;
				GCC_WARN_ABOUT_RETURN_TYPE = YES_ERROR;
				GCC_WARN_UNDECLARED_SELECTOR = YES;
				GCC_WARN_UNINITIALIZED_AUTOS = YES_AGGRESSIVE;
				GCC_WARN_UNUSED_FUNCTION = YES;
				GCC_WARN_UNUSED_VARIABLE = YES;
				IPHONEOS_DEPLOYMENT_TARGET = 8.1;
				MTL_ENABLE_DEBUG_INFO = NO;
				SDKROOT = iphoneos;
				VALIDATE_PRODUCT = YES;
			};
			name = Release;
		};
		B240523F1A0B421900AFECE1 /* Debug */ = {
			isa = XCBuildConfiguration;
			buildSettings = {
				ASSETCATALOG_COMPILER_APPICON_NAME = AppIcon;
				FRAMEWORK_SEARCH_PATHS = (
					"$(inherited)",
					"$(SRCROOT)/../",
					"$(SRCROOT)/../submodules/growthbeat-core-ios",
				);
				INFOPLIST_FILE = GrowthAnalyticsSample/Info.plist;
				LD_RUNPATH_SEARCH_PATHS = "$(inherited) @executable_path/Frameworks";
				PRODUCT_NAME = "$(TARGET_NAME)";
			};
			name = Debug;
		};
		B24052401A0B421900AFECE1 /* Release */ = {
			isa = XCBuildConfiguration;
			buildSettings = {
				ASSETCATALOG_COMPILER_APPICON_NAME = AppIcon;
				FRAMEWORK_SEARCH_PATHS = (
					"$(inherited)",
					"$(SRCROOT)/../",
					"$(SRCROOT)/../submodules/growthbeat-core-ios",
				);
				INFOPLIST_FILE = GrowthAnalyticsSample/Info.plist;
				LD_RUNPATH_SEARCH_PATHS = "$(inherited) @executable_path/Frameworks";
				PRODUCT_NAME = "$(TARGET_NAME)";
			};
			name = Release;
		};
		B24052421A0B421900AFECE1 /* Debug */ = {
			isa = XCBuildConfiguration;
			buildSettings = {
				BUNDLE_LOADER = "$(TEST_HOST)";
				FRAMEWORK_SEARCH_PATHS = (
					"$(SDKROOT)/Developer/Library/Frameworks",
					"$(inherited)",
				);
				GCC_PREPROCESSOR_DEFINITIONS = (
					"DEBUG=1",
					"$(inherited)",
				);
				INFOPLIST_FILE = GrowthAnalyticsSampleTests/Info.plist;
				LD_RUNPATH_SEARCH_PATHS = "$(inherited) @executable_path/Frameworks @loader_path/Frameworks";
				PRODUCT_NAME = "$(TARGET_NAME)";
				TEST_HOST = "$(BUILT_PRODUCTS_DIR)/GrowthAnalyticsSample.app/GrowthAnalyticsSample";
			};
			name = Debug;
		};
		B24052431A0B421900AFECE1 /* Release */ = {
			isa = XCBuildConfiguration;
			buildSettings = {
				BUNDLE_LOADER = "$(TEST_HOST)";
				FRAMEWORK_SEARCH_PATHS = (
					"$(SDKROOT)/Developer/Library/Frameworks",
					"$(inherited)",
				);
				INFOPLIST_FILE = GrowthAnalyticsSampleTests/Info.plist;
				LD_RUNPATH_SEARCH_PATHS = "$(inherited) @executable_path/Frameworks @loader_path/Frameworks";
				PRODUCT_NAME = "$(TARGET_NAME)";
				TEST_HOST = "$(BUILT_PRODUCTS_DIR)/GrowthAnalyticsSample.app/GrowthAnalyticsSample";
			};
			name = Release;
		};
/* End XCBuildConfiguration section */

/* Begin XCConfigurationList section */
		B24052161A0B421900AFECE1 /* Build configuration list for PBXProject "GrowthAnalyticsSample" */ = {
			isa = XCConfigurationList;
			buildConfigurations = (
				B240523C1A0B421900AFECE1 /* Debug */,
				B240523D1A0B421900AFECE1 /* Release */,
			);
			defaultConfigurationIsVisible = 0;
			defaultConfigurationName = Release;
		};
		B240523E1A0B421900AFECE1 /* Build configuration list for PBXNativeTarget "GrowthAnalyticsSample" */ = {
			isa = XCConfigurationList;
			buildConfigurations = (
				B240523F1A0B421900AFECE1 /* Debug */,
				B24052401A0B421900AFECE1 /* Release */,
			);
			defaultConfigurationIsVisible = 0;
			defaultConfigurationName = Release;
		};
		B24052411A0B421900AFECE1 /* Build configuration list for PBXNativeTarget "GrowthAnalyticsSampleTests" */ = {
			isa = XCConfigurationList;
			buildConfigurations = (
				B24052421A0B421900AFECE1 /* Debug */,
				B24052431A0B421900AFECE1 /* Release */,
			);
			defaultConfigurationIsVisible = 0;
			defaultConfigurationName = Release;
		};
/* End XCConfigurationList section */
	};
	rootObject = B24052131A0B421900AFECE1 /* Project object */;
}
